
Microsoft Visual Studio Solution File, Format Version 12.00
# Visual Studio Version 16
VisualStudioVersion = 16.0.30517.126
MinimumVisualStudioVersion = 10.0.40219.1
Project("{FAE04EC0-301F-11D3-BF4B-00C04F79EFBC}") = "WebShop", "WebShop\WebShop.csproj", "{24DDEEF7-CC6B-46A1-B0C3-CCB4AB1D4880}"
EndProject
Global
	GlobalSection(SolutionConfigurationPlatforms) = preSolution
		Debug|Any CPU = Debug|Any CPU
		Release|Any CPU = Release|Any CPU
	EndGlobalSection
	GlobalSection(ProjectConfigurationPlatforms) = postSolution
		{24DDEEF7-CC6B-46A1-B0C3-CCB4AB1D4880}.Debug|Any CPU.ActiveCfg = Debug|Any CPU
		{24DDEEF7-CC6B-46A1-B0C3-CCB4AB1D4880}.Debug|Any CPU.Build.0 = Debug|Any CPU
		{24DDEEF7-CC6B-46A1-B0C3-CCB4AB1D4880}.Release|Any CPU.ActiveCfg = Release|Any CPU
		{24DDEEF7-CC6B-46A1-B0C3-CCB4AB1D4880}.Release|Any CPU.Build.0 = Release|Any CPU
	EndGlobalSection
	GlobalSection(SolutionProperties) = preSolution
		HideSolutionNode = FALSE
	EndGlobalSection
	GlobalSection(ExtensibilityGlobals) = postSolution
		SolutionGuid = {EF9FB591-0AF0-49C5-9D29-EA8404679471}
	EndGlobalSection
EndGlobal
